# This file is automatically @generated by Cargo.
# It is not intended for manual editing.
version = 4

[package]
name = "example"
version.workspace = true
edition.workspace = true

[dependencies]
custom_log = {path = "../custom_log"}

[build-dependencies]
cc.workspace = true

# TODO: make baselib work with Cargo so this module can be used in cargo
